<?xml version="1.0" encoding="utf-8"?>
<Project ToolsVersion="4.0" xmlns="http://schemas.microsoft.com/developer/msbuild/2003">
  <ItemGroup>
    <Filter Include="Page Files">
      <UniqueIdentifier>{c3adb600-754c-4018-8ad7-f55e4e4c9df5}</UniqueIdentifier>
    </Filter>
    <Filter Include="Source Files">
      <UniqueIdentifier>{e641a6b5-a603-412b-85ce-bce1d4d270b5}</UniqueIdentifier>
    </Filter>
    <Filter Include="Generated Files">
      <UniqueIdentifier>{9fe9dd81-546c-487a-a7ac-54d062fb939e}</UniqueIdentifier>
    </Filter>
    <Filter Include="Precompiled Headers">
      <UniqueIdentifier>{909b1b2d-038b-4349-9e1a-6b30d89236e6}</UniqueIdentifier>
    </Filter>
  </ItemGroup>
  <ItemGroup>
    <ClCompile Include="src\LightWeightServer.cpp">
      <Filter>Source Files</Filter>
    </ClCompile>
    <ClCompile Include="src\DefaultRequestHandlerFactory.cpp">
      <Filter>Source Files</Filter>
    </ClCompile>
    <ClCompile Include="src\DefaultPage.cpp">
      <Filter>Generated Files</Filter>
    </ClCompile>
    <ClCompile Include="src\PrecompiledHeaders.cpp">
      <Filter>Precompiled Headers</Filter>
    </ClCompile>
  </ItemGroup>
  <ItemGroup>
    <ClInclude Include="src\DefaultRequestHandlerFactory.h">
      <Filter>Source Files</Filter>
    </ClInclude>
    <ClInclude Include="src\LightWeightServer.h">
      <Filter>Source Files</Filter>
    </ClInclude>
    <ClInclude Include="src\DefaultPage.h">
      <Filter>Generated Files</Filter>
    </ClInclude>
    <ClInclude Include="src\PrecompiledHeaders.h">
      <Filter>Precompiled Headers</Filter>
    </ClInclude>
  </ItemGroup>
  <ItemGroup>
    <CustomBuild Include="src\DefaultPage.cpsp">
      <Filter>Page Files</Filter>
    </CustomBuild>
  </ItemGroup>
</Project>